
Microsoft Visual Studio Solution File, Format Version 12.00
# Visual Studio Version 16
VisualStudioVersion = 16.0.29806.167
MinimumVisualStudioVersion = 10.0.40219.1
Project("{F184B08F-C81C-45F6-A57F-5ABD9991F28F}") = "immobi", "immobi.vbproj", "{C3770A0E-69CD-4B46-B086-A6AEFA7F283E}"
EndProject
Project("{54435603-DBB4-11D2-8724-00A0C9A8B90C}") = "Instalador Immobi", "Instalador\Instalador Immobi\Instalador Immobi.vdproj", "{5CD85BCF-F2CB-4766-AD2E-3B14F725D175}"
EndProject
Global
	GlobalSection(SolutionConfigurationPlatforms) = preSolution
		Debug|Any CPU = Debug|Any CPU
		Release|Any CPU = Release|Any CPU
	EndGlobalSection
	GlobalSection(ProjectConfigurationPlatforms) = postSolution
		{C3770A0E-69CD-4B46-B086-A6AEFA7F283E}.Debug|Any CPU.ActiveCfg = Debug|Any CPU
		{C3770A0E-69CD-4B46-B086-A6AEFA7F283E}.Debug|Any CPU.Build.0 = Debug|Any CPU
		{C3770A0E-69CD-4B46-B086-A6AEFA7F283E}.Release|Any CPU.ActiveCfg = Release|Any CPU
		{C3770A0E-69CD-4B46-B086-A6AEFA7F283E}.Release|Any CPU.Build.0 = Release|Any CPU
		{5CD85BCF-F2CB-4766-AD2E-3B14F725D175}.Debug|Any CPU.ActiveCfg = Debug
		{5CD85BCF-F2CB-4766-AD2E-3B14F725D175}.Release|Any CPU.ActiveCfg = Release
	EndGlobalSection
	GlobalSection(SolutionProperties) = preSolution
		HideSolutionNode = FALSE
	EndGlobalSection
	GlobalSection(ExtensibilityGlobals) = postSolution
		SolutionGuid = {482575C4-36A1-4E4B-B0EB-2ACCF76E2742}
	EndGlobalSection
EndGlobal
